{
    "_readme": [
        "This file locks the dependencies of your project to a known state",
        "Read more about it at http://getcomposer.org/doc/01-basic-usage.md#composer-lock-the-lock-file",
        "This file is @generated automatically"
    ],
    "hash": "36d865945c64043b8911342ac3247878",
    "packages": [
        {
            "name": "fg/essence",
            "version": "dev-master",
            "source": {
                "type": "git",
                "url": "https://github.com/felixgirault/essence.git",
                "reference": "e2a91fe720eecccb4ee54696a19245889d5c1569"
            },
            "dist": {
                "type": "zip",
                "url": "https://api.github.com/repos/felixgirault/essence/zipball/e2a91fe720eecccb4ee54696a19245889d5c1569",
                "reference": "e2a91fe720eecccb4ee54696a19245889d5c1569",
                "shasum": ""
            },
            "require": {
                "ext-curl": "*",
                "php": ">=5.4.0"
            },
            "suggest": {
                "felixgirault/essence-interfaces": "Allows better integration with different frameworks."
            },
            "type": "library",
            "autoload": {
                "files": [
                    "lib/bootstrap.php"
                ]
            },
            "notification-url": "https://packagist.org/downloads/",
            "license": [
                "BSD-2-Clause"
            ],
            "authors": [
                {
                    "name": "Félix Girault",
                    "email": "felix.girault@gmail.com",
                    "homepage": "http://www.felix-girault.fr",
                    "role": "Developer"
                }
            ],
            "description": "Extracts informations about medias on the web, like youtube videos, twitter statuses or blog articles.",
            "homepage": "http://github.com/felixgirault/essence",
            "keywords": [
                "embed",
                "media",
                "oembed",
                "opengraph"
            ],
            "time": "2014-09-30 16:40:52"
        }
    ],
    "packages-dev": [

    ],
    "aliases": [

    ],
    "minimum-stability": "stable",
    "stability-flags": {
        "fg/essence": 20
    },
    "prefer-stable": false,
    "platform": [

    ],
    "platform-dev": [

    ]
}
